File.Version=6
MxCube.Version=6.3.0
MxDb.Version=DB.6.0.30
KeepUserPlacement=false
Mcu.Name=STM32F103C6Ux
board=
ProjectManager.ProjectFileName=7_SEGMENT.ioc
ProjectManager.ProjectName=7_SEGMENT
ProjectManager.PreviousToolchain=
ProjectManager.TargetToolchain=STM32CubeIDE
ProjectManager.DeletePrevious=true
ProjectManager.UnderRoot=true
ProjectManager.MainLocation=Core/Src
ProjectManager.ToolChainLocation=
ProjectManager.LibraryCopy=1
ProjectManager.FirmwarePackage=STM32Cube FW_F1 V1.8.6
ProjectManager.CustomerFirmwarePackage=
ProjectManager.DefaultFWLocation=true
ProjectManager.DeviceId=STM32F103C6Ux
ProjectManager.isStatic=false
ProjectManager.isCPP=false
isbadioc=false
